// !$*UTF8*$!
{
	archiveVersion = 1;
	classes = {
	};
	objectVersion = 46;
	objects = {

/* Begin PBXBuildFile section */
		9056810216356C7E0047FA15 /* UIKit.framework in Frameworks */ = {isa = PBXBuildFile; fileRef = 9056810116356C7E0047FA15 /* UIKit.framework */; };
		9056810416356C7E0047FA15 /* Foundation.framework in Frameworks */ = {isa = PBXBuildFile; fileRef = 9056810316356C7E0047FA15 /* Foundation.framework */; };
		9056810616356C7E0047FA15 /* CoreGraphics.framework in Frameworks */ = {isa = PBXBuildFile; fileRef = 9056810516356C7E0047FA15 /* CoreGraphics.framework */; };
		9056810C16356C7E0047FA15 /* InfoPlist.strings in Resources */ = {isa = PBXBuildFile; fileRef = 9056810A16356C7E0047FA15 /* InfoPlist.strings */; };
		9056810E16356C7E0047FA15 /* main.m in Sources */ = {isa = PBXBuildFile; fileRef = 9056810D16356C7E0047FA15 /* main.m */; };
		9056811216356C7E0047FA15 /* AppDelegate.m in Sources */ = {isa = PBXBuildFile; fileRef = 9056811116356C7E0047FA15 /* AppDelegate.m */; };
		9056811416356C7E0047FA15 /* Default.png in Resources */ = {isa = PBXBuildFile; fileRef = 9056811316356C7E0047FA15 /* Default.png */; };
		9056811616356C7E0047FA15 /* Default@2x.png in Resources */ = {isa = PBXBuildFile; fileRef = 9056811516356C7E0047FA15 /* Default@2x.png */; };
		9056811816356C7E0047FA15 /* Default-568h@2x.png in Resources */ = {isa = PBXBuildFile; fileRef = 9056811716356C7E0047FA15 /* Default-568h@2x.png */; };
		9056811B16356C7E0047FA15 /* ViewController.m in Sources */ = {isa = PBXBuildFile; fileRef = 9056811A16356C7E0047FA15 /* ViewController.m */; };
		9056811E16356C7E0047FA15 /* ViewController.xib in Resources */ = {isa = PBXBuildFile; fileRef = 9056811C16356C7E0047FA15 /* ViewController.xib */; };
/* End PBXBuildFile section */

/* Begin PBXFileReference section */
		905680FD16356C7E0047FA15 /* AirEuphonium(Jasmindawes).app */ = {isa = PBXFileReference; explicitFileType = wrapper.application; includeInIndex = 0; path = "AirEuphonium(Jasmindawes).app"; sourceTree = BUILT_PRODUCTS_DIR; };
		9056810116356C7E0047FA15 /* UIKit.framework */ = {isa = PBXFileReference; lastKnownFileType = wrapper.framework; name = UIKit.framework; path = System/Library/Frameworks/UIKit.framework; sourceTree = SDKROOT; };
		9056810316356C7E0047FA15 /* Foundation.framework */ = {isa = PBXFileReference; lastKnownFileType = wrapper.framework; name = Foundation.framework; path = System/Library/Frameworks/Foundation.framework; sourceTree = SDKROOT; };
		9056810516356C7E0047FA15 /* CoreGraphics.framework */ = {isa = PBXFileReference; lastKnownFileType = wrapper.framework; name = CoreGraphics.framework; path = System/Library/Frameworks/CoreGraphics.framework; sourceTree = SDKROOT; };
		9056810916356C7E0047FA15 /* AirEuphonium(Jasmindawes)-Info.plist */ = {isa = PBXFileReference; lastKnownFileType = text.plist.xml; path = "AirEuphonium(Jasmindawes)-Info.plist"; sourceTree = "<group>"; };
		9056810B16356C7E0047FA15 /* en */ = {isa = PBXFileReference; lastKnownFileType = text.plist.strings; name = en; path = en.lproj/InfoPlist.strings; sourceTree = "<group>"; };
		9056810D16356C7E0047FA15 /* main.m */ = {isa = PBXFileReference; lastKnownFileType = sourcecode.c.objc; path = main.m; sourceTree = "<group>"; };
		9056810F16356C7E0047FA15 /* AirEuphonium(Jasmindawes)-Prefix.pch */ = {isa = PBXFileReference; lastKnownFileType = sourcecode.c.h; path = "AirEuphonium(Jasmindawes)-Prefix.pch"; sourceTree = "<group>"; };
		9056811016356C7E0047FA15 /* AppDelegate.h */ = {isa = PBXFileReference; lastKnownFileType = sourcecode.c.h; path = AppDelegate.h; sourceTree = "<group>"; };
		9056811116356C7E0047FA15 /* AppDelegate.m */ = {isa = PBXFileReference; lastKnownFileType = sourcecode.c.objc; path = AppDelegate.m; sourceTree = "<group>"; };
		9056811316356C7E0047FA15 /* Default.png */ = {isa = PBXFileReference; lastKnownFileType = image.png; path = Default.png; sourceTree = "<group>"; };
		9056811516356C7E0047FA15 /* Default@2x.png */ = {isa = PBXFileReference; lastKnownFileType = image.png; path = "Default@2x.png"; sourceTree = "<group>"; };
		9056811716356C7E0047FA15 /* Default-568h@2x.png */ = {isa = PBXFileReference; lastKnownFileType = image.png; path = "Default-568h@2x.png"; sourceTree = "<group>"; };
		9056811916356C7E0047FA15 /* ViewController.h */ = {isa = PBXFileReference; lastKnownFileType = sourcecode.c.h; path = ViewController.h; sourceTree = "<group>"; };
		9056811A16356C7E0047FA15 /* ViewController.m */ = {isa = PBXFileReference; lastKnownFileType = sourcecode.c.objc; path = ViewController.m; sourceTree = "<group>"; };
		9056811D16356C7E0047FA15 /* en */ = {isa = PBXFileReference; lastKnownFileType = file.xib; name = en; path = en.lproj/ViewController.xib; sourceTree = "<group>"; };
/* End PBXFileReference section */

/* Begin PBXFrameworksBuildPhase section */
		905680FA16356C7E0047FA15 /* Frameworks */ = {
			isa = PBXFrameworksBuildPhase;
			buildActionMask = 2147483647;
			files = (
				9056810216356C7E0047FA15 /* UIKit.framework in Frameworks */,
				9056810416356C7E0047FA15 /* Foundation.framework in Frameworks */,
				9056810616356C7E0047FA15 /* CoreGraphics.framework in Frameworks */,
			);
			runOnlyForDeploymentPostprocessing = 0;
		};
/* End PBXFrameworksBuildPhase section */

/* Begin PBXGroup section */
		905680F216356C7E0047FA15 = {
			isa = PBXGroup;
			children = (
				9056810716356C7E0047FA15 /* AirEuphonium(Jasmindawes) */,
				9056810016356C7E0047FA15 /* Frameworks */,
				905680FE16356C7E0047FA15 /* Products */,
			);
			sourceTree = "<group>";
		};
		905680FE16356C7E0047FA15 /* Products */ = {
			isa = PBXGroup;
			children = (
				905680FD16356C7E0047FA15 /* AirEuphonium(Jasmindawes).app */,
			);
			name = Products;
			sourceTree = "<group>";
		};
		9056810016356C7E0047FA15 /* Frameworks */ = {
			isa = PBXGroup;
			children = (
				9056810116356C7E0047FA15 /* UIKit.framework */,
				9056810316356C7E0047FA15 /* Foundation.framework */,
				9056810516356C7E0047FA15 /* CoreGraphics.framework */,
			);
			name = Frameworks;
			sourceTree = "<group>";
		};
		9056810716356C7E0047FA15 /* AirEuphonium(Jasmindawes) */ = {
			isa = PBXGroup;
			children = (
				9056811016356C7E0047FA15 /* AppDelegate.h */,
				9056811116356C7E0047FA15 /* AppDelegate.m */,
				9056811916356C7E0047FA15 /* ViewController.h */,
				9056811A16356C7E0047FA15 /* ViewController.m */,
				9056811C16356C7E0047FA15 /* ViewController.xib */,
				9056810816356C7E0047FA15 /* Supporting Files */,
			);
			path = "AirEuphonium(Jasmindawes)";
			sourceTree = "<group>";
		};
		9056810816356C7E0047FA15 /* Supporting Files */ = {
			isa = PBXGroup;
			children = (
				9056810916356C7E0047FA15 /* AirEuphonium(Jasmindawes)-Info.plist */,
				9056810A16356C7E0047FA15 /* InfoPlist.strings */,
				9056810D16356C7E0047FA15 /* main.m */,
				9056810F16356C7E0047FA15 /* AirEuphonium(Jasmindawes)-Prefix.pch */,
				9056811316356C7E0047FA15 /* Default.png */,
				9056811516356C7E0047FA15 /* Default@2x.png */,
				9056811716356C7E0047FA15 /* Default-568h@2x.png */,
			);
			name = "Supporting Files";
			sourceTree = "<group>";
		};
/* End PBXGroup section */

/* Begin PBXNativeTarget section */
		905680FC16356C7E0047FA15 /* AirEuphonium(Jasmindawes) */ = {
			isa = PBXNativeTarget;
			buildConfigurationList = 9056812116356C7E0047FA15 /* Build configuration list for PBXNativeTarget "AirEuphonium(Jasmindawes)" */;
			buildPhases = (
				905680F916356C7E0047FA15 /* Sources */,
				905680FA16356C7E0047FA15 /* Frameworks */,
				905680FB16356C7E0047FA15 /* Resources */,
			);
			buildRules = (
			);
			dependencies = (
			);
			name = "AirEuphonium(Jasmindawes)";
			productName = "AirEuphonium(Jasmindawes)";
			productReference = 905680FD16356C7E0047FA15 /* AirEuphonium(Jasmindawes).app */;
			productType = "com.apple.product-type.application";
		};
/* End PBXNativeTarget section */

/* Begin PBXProject section */
		905680F416356C7E0047FA15 /* Project object */ = {
			isa = PBXProject;
			attributes = {
				LastUpgradeCheck = 0450;
				ORGANIZATIONNAME = "Jasmin Dawes";
			};
			buildConfigurationList = 905680F716356C7E0047FA15 /* Build configuration list for PBXProject "AirEuphonium(Jasmindawes)" */;
			compatibilityVersion = "Xcode 3.2";
			developmentRegion = English;
			hasScannedForEncodings = 0;
			knownRegions = (
				en,
			);
			mainGroup = 905680F216356C7E0047FA15;
			productRefGroup = 905680FE16356C7E0047FA15 /* Products */;
			projectDirPath = "";
			projectRoot = "";
			targets = (
				905680FC16356C7E0047FA15 /* AirEuphonium(Jasmindawes) */,
			);
		};
/* End PBXProject section */

/* Begin PBXResourcesBuildPhase section */
		905680FB16356C7E0047FA15 /* Resources */ = {
			isa = PBXResourcesBuildPhase;
			buildActionMask = 2147483647;
			files = (
				9056810C16356C7E0047FA15 /* InfoPlist.strings in Resources */,
				9056811416356C7E0047FA15 /* Default.png in Resources */,
				9056811616356C7E0047FA15 /* Default@2x.png in Resources */,
				9056811816356C7E0047FA15 /* Default-568h@2x.png in Resources */,
				9056811E16356C7E0047FA15 /* ViewController.xib in Resources */,
			);
			runOnlyForDeploymentPostprocessing = 0;
		};
/* End PBXResourcesBuildPhase section */

/* Begin PBXSourcesBuildPhase section */
		905680F916356C7E0047FA15 /* Sources */ = {
			isa = PBXSourcesBuildPhase;
			buildActionMask = 2147483647;
			files = (
				9056810E16356C7E0047FA15 /* main.m in Sources */,
				9056811216356C7E0047FA15 /* AppDelegate.m in Sources */,
				9056811B16356C7E0047FA15 /* ViewController.m in Sources */,
			);
			runOnlyForDeploymentPostprocessing = 0;
		};
/* End PBXSourcesBuildPhase section */

/* Begin PBXVariantGroup section */
		9056810A16356C7E0047FA15 /* InfoPlist.strings */ = {
			isa = PBXVariantGroup;
			children = (
				9056810B16356C7E0047FA15 /* en */,
			);
			name = InfoPlist.strings;
			sourceTree = "<group>";
		};
		9056811C16356C7E0047FA15 /* ViewController.xib */ = {
			isa = PBXVariantGroup;
			children = (
				9056811D16356C7E0047FA15 /* en */,
			);
			name = ViewController.xib;
			sourceTree = "<group>";
		};
/* End PBXVariantGroup section */

/* Begin XCBuildConfiguration section */
		9056811F16356C7E0047FA15 /* Debug */ = {
			isa = XCBuildConfiguration;
			buildSettings = {
				ALWAYS_SEARCH_USER_PATHS = NO;
				CLANG_CXX_LANGUAGE_STANDARD = "gnu++0x";
				CLANG_CXX_LIBRARY = "libc++";
				CLANG_WARN_EMPTY_BODY = YES;
				CLANG_WARN__DUPLICATE_METHOD_MATCH = YES;
				"CODE_SIGN_IDENTITY[sdk=iphoneos*]" = "iPhone Developer";
				COPY_PHASE_STRIP = NO;
				GCC_C_LANGUAGE_STANDARD = gnu99;
				GCC_DYNAMIC_NO_PIC = NO;
				GCC_OPTIMIZATION_LEVEL = 0;
				GCC_PREPROCESSOR_DEFINITIONS = (
					"DEBUG=1",
					"$(inherited)",
				);
				GCC_SYMBOLS_PRIVATE_EXTERN = NO;
				GCC_WARN_ABOUT_RETURN_TYPE = YES;
				GCC_WARN_UNINITIALIZED_AUTOS = YES;
				GCC_WARN_UNUSED_VARIABLE = YES;
				IPHONEOS_DEPLOYMENT_TARGET = 6.0;
				ONLY_ACTIVE_ARCH = YES;
				SDKROOT = iphoneos;
			};
			name = Debug;
		};
		9056812016356C7E0047FA15 /* Release */ = {
			isa = XCBuildConfiguration;
			buildSettings = {
				ALWAYS_SEARCH_USER_PATHS = NO;
				CLANG_CXX_LANGUAGE_STANDARD = "gnu++0x";
				CLANG_CXX_LIBRARY = "libc++";
				CLANG_WARN_EMPTY_BODY = YES;
				CLANG_WARN__DUPLICATE_METHOD_MATCH = YES;
				"CODE_SIGN_IDENTITY[sdk=iphoneos*]" = "iPhone Developer";
				COPY_PHASE_STRIP = YES;
				GCC_C_LANGUAGE_STANDARD = gnu99;
				GCC_WARN_ABOUT_RETURN_TYPE = YES;
				GCC_WARN_UNINITIALIZED_AUTOS = YES;
				GCC_WARN_UNUSED_VARIABLE = YES;
				IPHONEOS_DEPLOYMENT_TARGET = 6.0;
				OTHER_CFLAGS = "-DNS_BLOCK_ASSERTIONS=1";
				SDKROOT = iphoneos;
				VALIDATE_PRODUCT = YES;
			};
			name = Release;
		};
		9056812216356C7E0047FA15 /* Debug */ = {
			isa = XCBuildConfiguration;
			buildSettings = {
				GCC_PRECOMPILE_PREFIX_HEADER = YES;
				GCC_PREFIX_HEADER = "AirEuphonium(Jasmindawes)/AirEuphonium(Jasmindawes)-Prefix.pch";
				INFOPLIST_FILE = "AirEuphonium(Jasmindawes)/AirEuphonium(Jasmindawes)-Info.plist";
				PRODUCT_NAME = "$(TARGET_NAME)";
				WRAPPER_EXTENSION = app;
			};
			name = Debug;
		};
		9056812316356C7E0047FA15 /* Release */ = {
			isa = XCBuildConfiguration;
			buildSettings = {
				GCC_PRECOMPILE_PREFIX_HEADER = YES;
				GCC_PREFIX_HEADER = "AirEuphonium(Jasmindawes)/AirEuphonium(Jasmindawes)-Prefix.pch";
				INFOPLIST_FILE = "AirEuphonium(Jasmindawes)/AirEuphonium(Jasmindawes)-Info.plist";
				PRODUCT_NAME = "$(TARGET_NAME)";
				WRAPPER_EXTENSION = app;
			};
			name = Release;
		};
/* End XCBuildConfiguration section */

/* Begin XCConfigurationList section */
		905680F716356C7E0047FA15 /* Build configuration list for PBXProject "AirEuphonium(Jasmindawes)" */ = {
			isa = XCConfigurationList;
			buildConfigurations = (
				9056811F16356C7E0047FA15 /* Debug */,
				9056812016356C7E0047FA15 /* Release */,
			);
			defaultConfigurationIsVisible = 0;
			defaultConfigurationName = Release;
		};
		9056812116356C7E0047FA15 /* Build configuration list for PBXNativeTarget "AirEuphonium(Jasmindawes)" */ = {
			isa = XCConfigurationList;
			buildConfigurations = (
				9056812216356C7E0047FA15 /* Debug */,
				9056812316356C7E0047FA15 /* Release */,
			);
			defaultConfigurationIsVisible = 0;
		};
/* End XCConfigurationList section */
	};
	rootObject = 905680F416356C7E0047FA15 /* Project object */;
}
